
Microsoft Visual Studio Solution File, Format Version 12.00
# Visual Studio Version 17
VisualStudioVersion = 17.9.34616.47
MinimumVisualStudioVersion = 10.0.40219.1
Project("{9A19103F-16F7-4668-BE54-9A1E7A4F7556}") = "ForumWebApp", "ForumWebApp.csproj", "{95C204EF-7031-4F75-9794-C1D9C9E432F2}"
EndProject
Global
	GlobalSection(SolutionConfigurationPlatforms) = preSolution
		Debug|Any CPU = Debug|Any CPU
		Release|Any CPU = Release|Any CPU
	EndGlobalSection
	GlobalSection(ProjectConfigurationPlatforms) = postSolution
		{95C204EF-7031-4F75-9794-C1D9C9E432F2}.Debug|Any CPU.ActiveCfg = Debug|Any CPU
		{95C204EF-7031-4F75-9794-C1D9C9E432F2}.Debug|Any CPU.Build.0 = Debug|Any CPU
		{95C204EF-7031-4F75-9794-C1D9C9E432F2}.Release|Any CPU.ActiveCfg = Debug|Any CPU
		{95C204EF-7031-4F75-9794-C1D9C9E432F2}.Release|Any CPU.Build.0 = Debug|Any CPU
	EndGlobalSection
	GlobalSection(SolutionProperties) = preSolution
		HideSolutionNode = FALSE
	EndGlobalSection
	GlobalSection(ExtensibilityGlobals) = postSolution
		SolutionGuid = {20F7406C-C1B1-4385-BA27-60F94C0CC3AD}
	EndGlobalSection
EndGlobal
